
Microsoft Visual Studio Solution File, Format Version 12.00
# Visual Studio Version 16
VisualStudioVersion = 16.0.28803.202
MinimumVisualStudioVersion = 10.0.40219.1
Project("{FAE04EC0-301F-11D3-BF4B-00C04F79EFBC}") = "ArdioButttonKullanımı", "ArdioButttonKullanımı\ArdioButttonKullanımı.csproj", "{56472AE2-9AF0-453D-9A3D-64DB1CB1F7FD}"
EndProject
Global
	GlobalSection(SolutionConfigurationPlatforms) = preSolution
		Debug|Any CPU = Debug|Any CPU
		Release|Any CPU = Release|Any CPU
	EndGlobalSection
	GlobalSection(ProjectConfigurationPlatforms) = postSolution
		{56472AE2-9AF0-453D-9A3D-64DB1CB1F7FD}.Debug|Any CPU.ActiveCfg = Debug|Any CPU
		{56472AE2-9AF0-453D-9A3D-64DB1CB1F7FD}.Debug|Any CPU.Build.0 = Debug|Any CPU
		{56472AE2-9AF0-453D-9A3D-64DB1CB1F7FD}.Release|Any CPU.ActiveCfg = Release|Any CPU
		{56472AE2-9AF0-453D-9A3D-64DB1CB1F7FD}.Release|Any CPU.Build.0 = Release|Any CPU
	EndGlobalSection
	GlobalSection(SolutionProperties) = preSolution
		HideSolutionNode = FALSE
	EndGlobalSection
	GlobalSection(ExtensibilityGlobals) = postSolution
		SolutionGuid = {6746ABF9-C415-46AA-AB2A-DD125710D0FF}
	EndGlobalSection
EndGlobal
